{
    "_readme": [
        "This file locks the dependencies of your project to a known state",
        "Read more about it at https://getcomposer.org/doc/01-basic-usage.md#installing-dependencies",
        "This file is @generated automatically"
    ],
    "content-hash": "aaa39956409042f87011d26b38fbcaf9",
    "packages": [
        {
            "name": "anshu-krishna/data-validator",
            "version": "1.2",
            "source": {
                "type": "git",
                "url": "https://github.com/anshu-krishna/PHP-Data-Validator.git",
                "reference": "ae50748a020ae6c506292cae8a2cd31ff468fbb4"
            },
            "dist": {
                "type": "zip",
                "url": "https://api.github.com/repos/anshu-krishna/PHP-Data-Validator/zipball/ae50748a020ae6c506292cae8a2cd31ff468fbb4",
                "reference": "ae50748a020ae6c506292cae8a2cd31ff468fbb4",
                "shasum": ""
            },
            "require": {
                "php": ">=8.0.0"
            },
            "type": "library",
            "autoload": {
                "psr-4": {
                    "Krishna\\DataValidator\\": "src"
                }
            },
            "notification-url": "https://packagist.org/downloads/",
            "license": [
                "MIT"
            ],
            "authors": [
                {
                    "name": "Anshu Krishna",
                    "email": "anshu.krishna5@gmail.com"
                }
            ],
            "description": "A PHP library for simplifying complexly-structured-data validation.",
            "support": {
                "issues": "https://github.com/anshu-krishna/PHP-Data-Validator/issues",
                "source": "https://github.com/anshu-krishna/PHP-Data-Validator/tree/v1.2"
            },
            "time": "2021-10-27T14:42:21+00:00"
        },
        {
            "name": "sanjeevaasoori/error-reporting",
            "version": "1.1",
            "source": {
                "type": "git",
                "url": "https://github.com/sanjeevaasoori/ErrorReporting.git",
                "reference": "0d74c404d9a571cd3b886d96daa592752c8cefb4"
            },
            "dist": {
                "type": "zip",
                "url": "https://api.github.com/repos/sanjeevaasoori/ErrorReporting/zipball/0d74c404d9a571cd3b886d96daa592752c8cefb4",
                "reference": "0d74c404d9a571cd3b886d96daa592752c8cefb4",
                "shasum": ""
            },
            "require": {
                "php": ">=8.0.0"
            },
            "type": "library",
            "autoload": {
                "psr-4": {
                    "Sanjeev\\Custom\\": "src/"
                }
            },
            "notification-url": "https://packagist.org/downloads/",
            "license": [
                "MIT"
            ],
            "authors": [
                {
                    "name": "sanjeevaasoori",
                    "email": "sanjeev.a.rangaswamy@gmail.com"
                }
            ],
            "description": "A simple PHP error reporting class",
            "support": {
                "issues": "https://github.com/sanjeevaasoori/ErrorReporting/issues",
                "source": "https://github.com/sanjeevaasoori/ErrorReporting/tree/1.1"
            },
            "time": "2021-11-15T11:27:38+00:00"
        },
        {
            "name": "sanjeevaasoori/script-minifier",
            "version": "1.2",
            "source": {
                "type": "git",
                "url": "https://github.com/sanjeevaasoori/ScriptMinifier.git",
                "reference": "7a89ca1a62673f37acb6ec92cfc5970ea07cc741"
            },
            "dist": {
                "type": "zip",
                "url": "https://api.github.com/repos/sanjeevaasoori/ScriptMinifier/zipball/7a89ca1a62673f37acb6ec92cfc5970ea07cc741",
                "reference": "7a89ca1a62673f37acb6ec92cfc5970ea07cc741",
                "shasum": ""
            },
            "require": {
                "php": ">=8.0.0",
                "sanjeevaasoori/error-reporting": "^1.0"
            },
            "type": "library",
            "autoload": {
                "psr-4": {
                    "Sanjeev\\Custom\\": "src/"
                }
            },
            "notification-url": "https://packagist.org/downloads/",
            "license": [
                "MIT"
            ],
            "authors": [
                {
                    "name": "sanjeevaasoori",
                    "email": "sanjeev.a.rangaswamy@gmail.com"
                }
            ],
            "description": "PHP library to minify Javascripts",
            "support": {
                "issues": "https://github.com/sanjeevaasoori/ScriptMinifier/issues",
                "source": "https://github.com/sanjeevaasoori/ScriptMinifier/tree/1.2"
            },
            "time": "2021-11-15T11:15:43+00:00"
        }
    ],
    "packages-dev": [],
    "aliases": [],
    "minimum-stability": "stable",
    "stability-flags": [],
    "prefer-stable": false,
    "prefer-lowest": false,
    "platform": {
        "php": ">=8.0.0"
    },
    "platform-dev": [],
    "plugin-api-version": "2.1.0"
}
